<?xml version="1.0" encoding="utf-8"?>
<Project ToolsVersion="4.0" xmlns="http://schemas.microsoft.com/developer/msbuild/2003">
  <ItemGroup>
    <ClCompile Include="vkhello.cpp" />
    <ClCompile Include="IvyWindow.cpp" />
    <ClCompile Include="VkBuilder.cpp" />
  </ItemGroup>
  <ItemGroup>
    <ClInclude Include="IvyWindow.h" />
    <ClInclude Include="VkBuilder.h" />
  </ItemGroup>
</Project>